{
  "originHash" : "fc73646b63cb31be6ec713dc6d2c8c59f27d92f2694edc650c63df03871ba63c",
  "pins" : [
    {
      "identity" : "mobile-chat-sdk-ios",
      "kind" : "remoteSourceControl",
      "location" : "https://github.com/HubSpot/mobile-chat-sdk-ios",
      "state" : {
        "revision" : "9b2ef27e0d3ff9b8e8ed013a288bc1fd48f716f1",
        "version" : "1.0.5"
      }
    }
  ],
  "version" : 3
}
