{
  "originHash" : "8adb4723202a6bd55f4c9d0cdad6ca9e11d8f1ec166a394ada32c4c89b375081",
  "pins" : [
    {
      "identity" : "mobile-chat-sdk-ios",
      "kind" : "remoteSourceControl",
      "location" : "https://github.com/HubSpot/mobile-chat-sdk-ios",
      "state" : {
        "revision" : "d90077cbad3e750a6a403d40da7bcc31677575d4",
        "version" : "1.0.3"
      }
    }
  ],
  "version" : 3
}
